# THIS IS AN AUTOGENERATED FILE. DO NOT EDIT THIS FILE DIRECTLY.
# yarn lockfile v1


"@auth0/nextjs-auth0@^2.6.1":
  version "2.6.1"
  resolved "https://registry.yarnpkg.com/@auth0/nextjs-auth0/-/nextjs-auth0-2.6.1.tgz#42f2c1f9e6145a023b1fbb2cc3f0b4bfd83e82f3"
  integrity sha512-oCEpXOGhWSDdbBb4saQPAOgNwXJW6zDWQys+ouOGGOGbJzU+ZwAiw/T735ECRXmCrM0r27zkXgtDHDigbk+BiA==
  dependencies:
    "@panva/hkdf" "^1.0.2"
    cookie "^0.5.0"
    debug "^4.3.4"
    http-errors "^1.8.1"
    joi "^17.6.0"
    jose "^4.9.2"
    openid-client "^5.2.1"
    tslib "^2.4.0"
    url-join "^4.0.1"

"@hapi/hoek@^9.0.0":
  version "9.3.0"
  resolved "https://registry.yarnpkg.com/@hapi/hoek/-/hoek-9.3.0.tgz#8368869dcb735be2e7f5cb7647de78e167a251fb"
  integrity sha512-/c6rf4UJlmHlC9b5BaNvzAcFv7HZ2QHaV0D4/HNlBdvFnvQq8RI4kYdhyPCl7Xj+oWvTWQ8ujhqS53LIgAe6KQ==

"@hapi/topo@^5.0.0":
  version "5.1.0"
  resolved "https://registry.yarnpkg.com/@hapi/topo/-/topo-5.1.0.tgz#dc448e332c6c6e37a4dc02fd84ba8d44b9afb012"
  integrity sha512-foQZKJig7Ob0BMAYBfcJk8d77QtOe7Wo4ox7ff1lQYoNNAb6jwcY1ncdoy2e9wQZzvNy7ODZCYJkK8kzmcAnAg==
  dependencies:
    "@hapi/hoek" "^9.0.0"

"@next/env@13.4.4":
  version "13.4.4"
  resolved "https://registry.yarnpkg.com/@next/env/-/env-13.4.4.tgz#46b620f6bef97fe67a1566bf570dbb791d40c50a"
  integrity sha512-q/y7VZj/9YpgzDe64Zi6rY1xPizx80JjlU2BTevlajtaE3w1LqweH1gGgxou2N7hdFosXHjGrI4OUvtFXXhGLg==

"@next/swc-darwin-arm64@13.4.4":
  version "13.4.4"
  resolved "https://registry.yarnpkg.com/@next/swc-darwin-arm64/-/swc-darwin-arm64-13.4.4.tgz#8c14083c2478e2a9a8d140cce5900f76b75667ff"
  integrity sha512-xfjgXvp4KalNUKZMHmsFxr1Ug+aGmmO6NWP0uoh4G3WFqP/mJ1xxfww0gMOeMeSq/Jyr5k7DvoZ2Pv+XOITTtw==

"@next/swc-darwin-x64@13.4.4":
  version "13.4.4"
  resolved "https://registry.yarnpkg.com/@next/swc-darwin-x64/-/swc-darwin-x64-13.4.4.tgz#5fe01c65c80fcb833c8789fd70f074ea99893864"
  integrity sha512-ZY9Ti1hkIwJsxGus3nlubIkvYyB0gNOYxKrfsOrLEqD0I2iCX8D7w8v6QQZ2H+dDl6UT29oeEUdDUNGk4UEpfg==

"@next/swc-linux-arm64-gnu@13.4.4":
  version "13.4.4"
  resolved "https://registry.yarnpkg.com/@next/swc-linux-arm64-gnu/-/swc-linux-arm64-gnu-13.4.4.tgz#f2e071f38e8a6cdadf507cc5d28956f73360d064"
  integrity sha512-+KZnDeMShYkpkqAvGCEDeqYTRADJXc6SY1jWXz+Uo6qWQO/Jd9CoyhTJwRSxvQA16MoYzvILkGaDqirkRNctyA==

"@next/swc-linux-arm64-musl@13.4.4":
  version "13.4.4"
  resolved "https://registry.yarnpkg.com/@next/swc-linux-arm64-musl/-/swc-linux-arm64-musl-13.4.4.tgz#23bf75c544e54562bc24ec1be036e4bd9cf89e2c"
  integrity sha512-evC1twrny2XDT4uOftoubZvW3EG0zs0ZxMwEtu/dDGVRO5n5pT48S8qqEIBGBUZYu/Xx4zzpOkIxx1vpWdE+9A==

"@next/swc-linux-x64-gnu@13.4.4":
  version "13.4.4"
  resolved "https://registry.yarnpkg.com/@next/swc-linux-x64-gnu/-/swc-linux-x64-gnu-13.4.4.tgz#bd42590950a01957952206f89cf5622e7c9e4196"
  integrity sha512-PX706XcCHr2FfkyhP2lpf+pX/tUvq6/ke7JYnnr0ykNdEMo+sb7cC/o91gnURh4sPYSiZJhsF2gbIqg9rciOHQ==

"@next/swc-linux-x64-musl@13.4.4":
  version "13.4.4"
  resolved "https://registry.yarnpkg.com/@next/swc-linux-x64-musl/-/swc-linux-x64-musl-13.4.4.tgz#907d81feb1abec3daec0ecb61e3f39b56e7aeafe"
  integrity sha512-TKUUx3Ftd95JlHV6XagEnqpT204Y+IsEa3awaYIjayn0MOGjgKZMZibqarK3B1FsMSPaieJf2FEAcu9z0yT5aA==

"@next/swc-win32-arm64-msvc@13.4.4":
  version "13.4.4"
  resolved "https://registry.yarnpkg.com/@next/swc-win32-arm64-msvc/-/swc-win32-arm64-msvc-13.4.4.tgz#1d754d2bb10bdf9907c0acc83711438697c3b5fe"
  integrity sha512-FP8AadgSq4+HPtim7WBkCMGbhr5vh9FePXiWx9+YOdjwdQocwoCK5ZVC3OW8oh3TWth6iJ0AXJ/yQ1q1cwSZ3A==

"@next/swc-win32-ia32-msvc@13.4.4":
  version "13.4.4"
  resolved "https://registry.yarnpkg.com/@next/swc-win32-ia32-msvc/-/swc-win32-ia32-msvc-13.4.4.tgz#77b2c7f7534b675d46e46301869e08d504d23956"
  integrity sha512-3WekVmtuA2MCdcAOrgrI+PuFiFURtSyyrN1I3UPtS0ckR2HtLqyqmS334Eulf15g1/bdwMteePdK363X/Y9JMg==

"@next/swc-win32-x64-msvc@13.4.4":
  version "13.4.4"
  resolved "https://registry.yarnpkg.com/@next/swc-win32-x64-msvc/-/swc-win32-x64-msvc-13.4.4.tgz#faab69239f8a9d0be7cd473e65f5a07735ef7b0e"
  integrity sha512-AHRITu/CrlQ+qzoqQtEMfaTu7GHaQ6bziQln/pVWpOYC1wU+Mq6VQQFlsDtMCnDztPZtppAXdvvbNS7pcfRzlw==

"@panva/hkdf@^1.0.2":
  version "1.1.1"
  resolved "https://registry.yarnpkg.com/@panva/hkdf/-/hkdf-1.1.1.tgz#ab9cd8755d1976e72fc77a00f7655a64efe6cd5d"
  integrity sha512-dhPeilub1NuIG0X5Kvhh9lH4iW3ZsHlnzwgwbOlgwQ2wG1IqFzsgHqmKPk3WzsdWAeaxKJxgM0+W433RmN45GA==

"@sideway/address@^4.1.3":
  version "4.1.4"
  resolved "https://registry.yarnpkg.com/@sideway/address/-/address-4.1.4.tgz#03dccebc6ea47fdc226f7d3d1ad512955d4783f0"
  integrity sha512-7vwq+rOHVWjyXxVlR76Agnvhy8I9rpzjosTESvmhNeXOXdZZB15Fl+TI9x1SiHZH5Jv2wTGduSxFDIaq0m3DUw==
  dependencies:
    "@hapi/hoek" "^9.0.0"

"@sideway/formula@^3.0.1":
  version "3.0.1"
  resolved "https://registry.yarnpkg.com/@sideway/formula/-/formula-3.0.1.tgz#80fcbcbaf7ce031e0ef2dd29b1bfc7c3f583611f"
  integrity sha512-/poHZJJVjx3L+zVD6g9KgHfYnb443oi7wLu/XKojDviHy6HOEOA6z1Trk5aR1dGcmPenJEgb2sK2I80LeS3MIg==

"@sideway/pinpoint@^2.0.0":
  version "2.0.0"
  resolved "https://registry.yarnpkg.com/@sideway/pinpoint/-/pinpoint-2.0.0.tgz#cff8ffadc372ad29fd3f78277aeb29e632cc70df"
  integrity sha512-RNiOoTPkptFtSVzQevY/yWtZwf/RxyVnPy/OcA9HBM3MlGDnBEYL5B41H0MTn0Uec8Hi+2qUtTfG2WWZBmMejQ==

"@swc/helpers@0.5.1":
  version "0.5.1"
  resolved "https://registry.yarnpkg.com/@swc/helpers/-/helpers-0.5.1.tgz#e9031491aa3f26bfcc974a67f48bd456c8a5357a"
  integrity sha512-sJ902EfIzn1Fa+qYmjdQqh8tPsoxyBz+8yBKC2HKUxyezKJFwPGOn7pv4WY6QuQW//ySQi5lJjA/ZT9sNWWNTg==
  dependencies:
    tslib "^2.4.0"

"@types/body-parser@*":
  version "1.19.2"
  resolved "https://registry.yarnpkg.com/@types/body-parser/-/body-parser-1.19.2.tgz#aea2059e28b7658639081347ac4fab3de166e6f0"
  integrity sha512-ALYone6pm6QmwZoAgeyNksccT9Q4AWZQ6PvfwR37GT6r6FWUPguq6sUmNGSMV2Wr761oQoBxwGGa6DR5o1DC9g==
  dependencies:
    "@types/connect" "*"
    "@types/node" "*"

"@types/connect@*":
  version "3.4.35"
  resolved "https://registry.yarnpkg.com/@types/connect/-/connect-3.4.35.tgz#5fcf6ae445e4021d1fc2219a4873cc73a3bb2ad1"
  integrity sha512-cdeYyv4KWoEgpBISTxWvqYsVy444DOqehiF3fM3ne10AmJ62RSyNkUnxMJXHQWRQQX2eR94m5y1IZyDwBjV9FQ==
  dependencies:
    "@types/node" "*"

"@types/express-serve-static-core@^4.17.33":
  version "4.17.35"
  resolved "https://registry.yarnpkg.com/@types/express-serve-static-core/-/express-serve-static-core-4.17.35.tgz#c95dd4424f0d32e525d23812aa8ab8e4d3906c4f"
  integrity sha512-wALWQwrgiB2AWTT91CB62b6Yt0sNHpznUXeZEcnPU3DRdlDIz74x8Qg1UUYKSVFi+va5vKOLYRBI1bRKiLLKIg==
  dependencies:
    "@types/node" "*"
    "@types/qs" "*"
    "@types/range-parser" "*"
    "@types/send" "*"

"@types/express@^4.17.14":
  version "4.17.17"
  resolved "https://registry.yarnpkg.com/@types/express/-/express-4.17.17.tgz#01d5437f6ef9cfa8668e616e13c2f2ac9a491ae4"
  integrity sha512-Q4FmmuLGBG58btUnfS1c1r/NQdlp3DMfGDGig8WhfpA2YRUtEkxAjkZb0yvplJGYdF1fsQ81iMDcH24sSCNC/Q==
  dependencies:
    "@types/body-parser" "*"
    "@types/express-serve-static-core" "^4.17.33"
    "@types/qs" "*"
    "@types/serve-static" "*"

"@types/jsonwebtoken@^9", "@types/jsonwebtoken@^9.0.0":
  version "9.0.2"
  resolved "https://registry.yarnpkg.com/@types/jsonwebtoken/-/jsonwebtoken-9.0.2.tgz#9eeb56c76dd555039be2a3972218de5bd3b8d83e"
  integrity sha512-drE6uz7QBKq1fYqqoFKTDRdFCPHd5TCub75BM+D+cMx7NU9hUz7SESLfC2fSCXVFMO5Yj8sOWHuGqPgjc+fz0Q==
  dependencies:
    "@types/node" "*"

"@types/mime@*":
  version "3.0.1"
  resolved "https://registry.yarnpkg.com/@types/mime/-/mime-3.0.1.tgz#5f8f2bca0a5863cb69bc0b0acd88c96cb1d4ae10"
  integrity sha512-Y4XFY5VJAuw0FgAqPNd6NNoV44jbq9Bz2L7Rh/J6jLTiHBSBJa9fxqQIvkIld4GsoDOcCbvzOUAbLPsSKKg+uA==

"@types/mime@^1":
  version "1.3.2"
  resolved "https://registry.yarnpkg.com/@types/mime/-/mime-1.3.2.tgz#93e25bf9ee75fe0fd80b594bc4feb0e862111b5a"
  integrity sha512-YATxVxgRqNH6nHEIsvg6k2Boc1JHI9ZbH5iWFFv/MTkchz3b1ieGDa5T0a9RznNdI0KhVbdbWSN+KWWrQZRxTw==

"@types/node@*":
  version "20.2.5"
  resolved "https://registry.yarnpkg.com/@types/node/-/node-20.2.5.tgz#26d295f3570323b2837d322180dfbf1ba156fefb"
  integrity sha512-JJulVEQXmiY9Px5axXHeYGLSjhkZEnD+MDPDGbCbIAbMslkKwmygtZFy1X6s/075Yo94sf8GuSlFfPzysQrWZQ==

"@types/qs@*":
  version "6.9.7"
  resolved "https://registry.yarnpkg.com/@types/qs/-/qs-6.9.7.tgz#63bb7d067db107cc1e457c303bc25d511febf6cb"
  integrity sha512-FGa1F62FT09qcrueBA6qYTrJPVDzah9a+493+o2PCXsesWHIn27G98TsSMs3WPNbZIEj4+VJf6saSFpvD+3Zsw==

"@types/range-parser@*":
  version "1.2.4"
  resolved "https://registry.yarnpkg.com/@types/range-parser/-/range-parser-1.2.4.tgz#cd667bcfdd025213aafb7ca5915a932590acdcdc"
  integrity sha512-EEhsLsD6UsDM1yFhAvy0Cjr6VwmpMWqFBCb9w07wVugF7w9nfajxLuVmngTIpgS6svCnm6Vaw+MZhoDCKnOfsw==

"@types/send@*":
  version "0.17.1"
  resolved "https://registry.yarnpkg.com/@types/send/-/send-0.17.1.tgz#ed4932b8a2a805f1fe362a70f4e62d0ac994e301"
  integrity sha512-Cwo8LE/0rnvX7kIIa3QHCkcuF21c05Ayb0ZfxPiv0W8VRiZiNW/WuRupHKpqqGVGf7SUA44QSOUKaEd9lIrd/Q==
  dependencies:
    "@types/mime" "^1"
    "@types/node" "*"

"@types/serve-static@*":
  version "1.15.1"
  resolved "https://registry.yarnpkg.com/@types/serve-static/-/serve-static-1.15.1.tgz#86b1753f0be4f9a1bee68d459fcda5be4ea52b5d"
  integrity sha512-NUo5XNiAdULrJENtJXZZ3fHtfMolzZwczzBbnAeBbqBwG+LaG6YaJtuwzwGSQZ2wsCrxjEhNNjAkKigy3n8teQ==
  dependencies:
    "@types/mime" "*"
    "@types/node" "*"

buffer-equal-constant-time@1.0.1:
  version "1.0.1"
  resolved "https://registry.yarnpkg.com/buffer-equal-constant-time/-/buffer-equal-constant-time-1.0.1.tgz#f8e71132f7ffe6e01a5c9697a4c6f3e48d5cc819"
  integrity sha512-zRpUiDwd/xk6ADqPMATG8vc9VPrkck7T07OIx0gnjmJAnHnTVXNQG3vfvWNuiZIkwu9KrKdA1iJKfsfTVxE6NA==

busboy@1.6.0:
  version "1.6.0"
  resolved "https://registry.yarnpkg.com/busboy/-/busboy-1.6.0.tgz#966ea36a9502e43cdb9146962523b92f531f6893"
  integrity sha512-8SFQbg/0hQ9xy3UNTB0YEnsNBbWfhf7RtnzpL7TkBiTBRfrQ9Fxcnz7VJsleJpyp6rVLvXiuORqjlHi5q+PYuA==
  dependencies:
    streamsearch "^1.1.0"

caniuse-lite@^1.0.30001406:
  version "1.0.30001495"
  resolved "https://registry.yarnpkg.com/caniuse-lite/-/caniuse-lite-1.0.30001495.tgz#64a0ccef1911a9dcff647115b4430f8eff1ef2d9"
  integrity sha512-F6x5IEuigtUfU5ZMQK2jsy5JqUUlEFRVZq8bO2a+ysq5K7jD6PPc9YXZj78xDNS3uNchesp1Jw47YXEqr+Viyg==

client-only@0.0.1:
  version "0.0.1"
  resolved "https://registry.yarnpkg.com/client-only/-/client-only-0.0.1.tgz#38bba5d403c41ab150bff64a95c85013cf73bca1"
  integrity sha512-IV3Ou0jSMzZrd3pZ48nLkT9DA7Ag1pnPzaiQhpW7c3RbcqqzvzzVu+L8gfqMp/8IM2MQtSiqaCxrrcfu8I8rMA==

cookie@^0.5.0:
  version "0.5.0"
  resolved "https://registry.yarnpkg.com/cookie/-/cookie-0.5.0.tgz#d1f5d71adec6558c58f389987c366aa47e994f8b"
  integrity sha512-YZ3GUyn/o8gfKJlnlX7g7xq4gyO6OSuhGPKaaGssGB2qgDUS0gPgtTvoyZLTt9Ab6dC4hfc9dV5arkvc/OCmrw==

debug@^4.3.4:
  version "4.3.4"
  resolved "https://registry.yarnpkg.com/debug/-/debug-4.3.4.tgz#1319f6579357f2338d3337d2cdd4914bb5dcc865"
  integrity sha512-PRWFHuSU3eDtQJPvnNY7Jcket1j0t5OuOsFzPPzsekD52Zl8qUfFIPEiswXqIvHWGVHOgX+7G/vCNNhehwxfkQ==
  dependencies:
    ms "2.1.2"

depd@~1.1.2:
  version "1.1.2"
  resolved "https://registry.yarnpkg.com/depd/-/depd-1.1.2.tgz#9bcd52e14c097763e749b274c4346ed2e560b5a9"
  integrity sha512-7emPTl6Dpo6JRXOXjLRxck+FlLRX5847cLKEn00PLAgc3g2hTZZgr+e4c2v6QpSmLeFP3n5yUo7ft6avBK/5jQ==

ecdsa-sig-formatter@1.0.11:
  version "1.0.11"
  resolved "https://registry.yarnpkg.com/ecdsa-sig-formatter/-/ecdsa-sig-formatter-1.0.11.tgz#ae0f0fa2d85045ef14a817daa3ce9acd0489e5bf"
  integrity sha512-nagl3RYrbNv6kQkeJIpt6NJZy8twLB/2vtz6yN9Z4vRKHN4/QZJIEbqohALSgwKdnksuY3k5Addp5lg8sVoVcQ==
  dependencies:
    safe-buffer "^5.0.1"

express-jwt@^8.4.1:
  version "8.4.1"
  resolved "https://registry.yarnpkg.com/express-jwt/-/express-jwt-8.4.1.tgz#ba817c1ced7c6f1f7017fc2e6deac207011e8acb"
  integrity sha512-IZoZiDv2yZJAb3QrbaSATVtTCYT11OcqgFGoTN4iKVyN6NBkBkhtVIixww5fmakF0Upt5HfOxJuS6ZmJVeOtTQ==
  dependencies:
    "@types/jsonwebtoken" "^9"
    express-unless "^2.1.3"
    jsonwebtoken "^9.0.0"

express-unless@^2.1.3:
  version "2.1.3"
  resolved "https://registry.yarnpkg.com/express-unless/-/express-unless-2.1.3.tgz#f951c6cca52a24da3de32d42cfd4db57bc0f9a2e"
  integrity sha512-wj4tLMyCVYuIIKHGt0FhCtIViBcwzWejX0EjNxveAa6dG+0XBCQhMbx+PnkLkFCxLC69qoFrxds4pIyL88inaQ==

http-errors@^1.8.1:
  version "1.8.1"
  resolved "https://registry.yarnpkg.com/http-errors/-/http-errors-1.8.1.tgz#7c3f28577cbc8a207388455dbd62295ed07bd68c"
  integrity sha512-Kpk9Sm7NmI+RHhnj6OIWDI1d6fIoFAtFt9RLaTMRlg/8w49juAStsrBgp0Dp4OdxdVbRIeKhtCUvoi/RuAhO4g==
  dependencies:
    depd "~1.1.2"
    inherits "2.0.4"
    setprototypeof "1.2.0"
    statuses ">= 1.5.0 < 2"
    toidentifier "1.0.1"

inherits@2.0.4:
  version "2.0.4"
  resolved "https://registry.yarnpkg.com/inherits/-/inherits-2.0.4.tgz#0fa2c64f932917c3433a0ded55363aae37416b7c"
  integrity sha512-k/vGaX4/Yla3WzyMCvTQOXYeIHvqOKtnqBduzTHpzpQZzAskKMhZ2K+EnBiSM9zGSoIFeMpXKxa4dYeZIQqewQ==

joi@^17.6.0:
  version "17.9.2"
  resolved "https://registry.yarnpkg.com/joi/-/joi-17.9.2.tgz#8b2e4724188369f55451aebd1d0b1d9482470690"
  integrity sha512-Itk/r+V4Dx0V3c7RLFdRh12IOjySm2/WGPMubBT92cQvRfYZhPM2W0hZlctjj72iES8jsRCwp7S/cRmWBnJ4nw==
  dependencies:
    "@hapi/hoek" "^9.0.0"
    "@hapi/topo" "^5.0.0"
    "@sideway/address" "^4.1.3"
    "@sideway/formula" "^3.0.1"
    "@sideway/pinpoint" "^2.0.0"

jose@^4.10.4, jose@^4.14.1, jose@^4.9.2:
  version "4.14.4"
  resolved "https://registry.yarnpkg.com/jose/-/jose-4.14.4.tgz#59e09204e2670c3164ee24cbfe7115c6f8bff9ca"
  integrity sha512-j8GhLiKmUAh+dsFXlX1aJCbt5KMibuKb+d7j1JaOJG6s2UjX1PQlW+OKB/sD4a/5ZYF4RcmYmLSndOoU3Lt/3g==

"js-tokens@^3.0.0 || ^4.0.0":
  version "4.0.0"
  resolved "https://registry.yarnpkg.com/js-tokens/-/js-tokens-4.0.0.tgz#19203fb59991df98e3a287050d4647cdeaf32499"
  integrity sha512-RdJUflcE3cUzKiMqQgsCu06FPu9UdIJO0beYbPhHN4k6apgJtifcoCtT9bcxOpYBtpD2kCM6Sbzg4CausW/PKQ==

jsonwebtoken@^9.0.0:
  version "9.0.0"
  resolved "https://registry.yarnpkg.com/jsonwebtoken/-/jsonwebtoken-9.0.0.tgz#d0faf9ba1cc3a56255fe49c0961a67e520c1926d"
  integrity sha512-tuGfYXxkQGDPnLJ7SibiQgVgeDgfbPq2k2ICcbgqW8WxWLBAxKQM/ZCu/IT8SOSwmaYl4dpTFCW5xZv7YbbWUw==
  dependencies:
    jws "^3.2.2"
    lodash "^4.17.21"
    ms "^2.1.1"
    semver "^7.3.8"

jwa@^1.4.1:
  version "1.4.1"
  resolved "https://registry.yarnpkg.com/jwa/-/jwa-1.4.1.tgz#743c32985cb9e98655530d53641b66c8645b039a"
  integrity sha512-qiLX/xhEEFKUAJ6FiBMbes3w9ATzyk5W7Hvzpa/SLYdxNtng+gcurvrI7TbACjIXlsJyr05/S1oUhZrc63evQA==
  dependencies:
    buffer-equal-constant-time "1.0.1"
    ecdsa-sig-formatter "1.0.11"
    safe-buffer "^5.0.1"

jwks-rsa@^3.0.1:
  version "3.0.1"
  resolved "https://registry.yarnpkg.com/jwks-rsa/-/jwks-rsa-3.0.1.tgz#ba79ddca7ee7520f7bb26b942ef1aee91df8d7e4"
  integrity sha512-UUOZ0CVReK1QVU3rbi9bC7N5/le8ziUj0A2ef1Q0M7OPD2KvjEYizptqIxGIo6fSLYDkqBrazILS18tYuRc8gw==
  dependencies:
    "@types/express" "^4.17.14"
    "@types/jsonwebtoken" "^9.0.0"
    debug "^4.3.4"
    jose "^4.10.4"
    limiter "^1.1.5"
    lru-memoizer "^2.1.4"

jws@^3.2.2:
  version "3.2.2"
  resolved "https://registry.yarnpkg.com/jws/-/jws-3.2.2.tgz#001099f3639468c9414000e99995fa52fb478304"
  integrity sha512-YHlZCB6lMTllWDtSPHz/ZXTsi8S00usEV6v1tjq8tOUZzw7DpSDWVXjXDre6ed1w/pd495ODpHZYSdkRTsa0HA==
  dependencies:
    jwa "^1.4.1"
    safe-buffer "^5.0.1"

limiter@^1.1.5:
  version "1.1.5"
  resolved "https://registry.yarnpkg.com/limiter/-/limiter-1.1.5.tgz#8f92a25b3b16c6131293a0cc834b4a838a2aa7c2"
  integrity sha512-FWWMIEOxz3GwUI4Ts/IvgVy6LPvoMPgjMdQ185nN6psJyBJ4yOpzqm695/h5umdLJg2vW3GR5iG11MAkR2AzJA==

lodash.clonedeep@^4.5.0:
  version "4.5.0"
  resolved "https://registry.yarnpkg.com/lodash.clonedeep/-/lodash.clonedeep-4.5.0.tgz#e23f3f9c4f8fbdde872529c1071857a086e5ccef"
  integrity sha512-H5ZhCF25riFd9uB5UCkVKo61m3S/xZk1x4wA6yp/L3RFP6Z/eHH1ymQcGLo7J3GMPfm0V/7m1tryHuGVxpqEBQ==

lodash@^4.17.21:
  version "4.17.21"
  resolved "https://registry.yarnpkg.com/lodash/-/lodash-4.17.21.tgz#679591c564c3bffaae8454cf0b3df370c3d6911c"
  integrity sha512-v2kDEe57lecTulaDIuNTPy3Ry4gLGJ6Z1O3vE1krgXZNrsQ+LFTGHVxVjcXPs17LhbZVGedAJv8XZ1tvj5FvSg==

loose-envify@^1.1.0:
  version "1.4.0"
  resolved "https://registry.yarnpkg.com/loose-envify/-/loose-envify-1.4.0.tgz#71ee51fa7be4caec1a63839f7e682d8132d30caf"
  integrity sha512-lyuxPGr/Wfhrlem2CL/UcnUc1zcqKAImBDzukY7Y5F/yQiNdko6+fRLevlw1HgMySw7f611UIY408EtxRSoK3Q==
  dependencies:
    js-tokens "^3.0.0 || ^4.0.0"

lru-cache@^6.0.0:
  version "6.0.0"
  resolved "https://registry.yarnpkg.com/lru-cache/-/lru-cache-6.0.0.tgz#6d6fe6570ebd96aaf90fcad1dafa3b2566db3a94"
  integrity sha512-Jo6dJ04CmSjuznwJSS3pUeWmd/H0ffTlkXXgwZi+eq1UCmqQwCh+eLsYOYCwY991i2Fah4h1BEMCx4qThGbsiA==
  dependencies:
    yallist "^4.0.0"

lru-cache@~4.0.0:
  version "4.0.2"
  resolved "https://registry.yarnpkg.com/lru-cache/-/lru-cache-4.0.2.tgz#1d17679c069cda5d040991a09dbc2c0db377e55e"
  integrity sha512-uQw9OqphAGiZhkuPlpFGmdTU2tEuhxTourM/19qGJrxBPHAr/f8BT1a0i/lOclESnGatdJG/UCkP9kZB/Lh1iw==
  dependencies:
    pseudomap "^1.0.1"
    yallist "^2.0.0"

lru-memoizer@^2.1.4:
  version "2.2.0"
  resolved "https://registry.yarnpkg.com/lru-memoizer/-/lru-memoizer-2.2.0.tgz#b9d90c91637b4b1a423ef76f3156566691293df8"
  integrity sha512-QfOZ6jNkxCcM/BkIPnFsqDhtrazLRsghi9mBwFAzol5GCvj4EkFT899Za3+QwikCg5sRX8JstioBDwOxEyzaNw==
  dependencies:
    lodash.clonedeep "^4.5.0"
    lru-cache "~4.0.0"

ms@2.1.2:
  version "2.1.2"
  resolved "https://registry.yarnpkg.com/ms/-/ms-2.1.2.tgz#d09d1f357b443f493382a8eb3ccd183872ae6009"
  integrity sha512-sGkPx+VjMtmA6MX27oA4FBFELFCZZ4S4XqeGOXCv68tT+jb3vk/RyaKWP0PTKyWtmLSM0b+adUTEvbs1PEaH2w==

ms@^2.1.1:
  version "2.1.3"
  resolved "https://registry.yarnpkg.com/ms/-/ms-2.1.3.tgz#574c8138ce1d2b5861f0b44579dbadd60c6615b2"
  integrity sha512-6FlzubTLZG3J2a/NVCAleEhjzq5oxgHyaCU9yYXvcLsvoVaHJq/s5xXI6/XXP6tz7R9xAOtHnSO/tXtF3WRTlA==

nanoid@^3.3.4:
  version "3.3.6"
  resolved "https://registry.yarnpkg.com/nanoid/-/nanoid-3.3.6.tgz#443380c856d6e9f9824267d960b4236ad583ea4c"
  integrity sha512-BGcqMMJuToF7i1rt+2PWSNVnWIkGCU78jBG3RxO/bZlnZPK2Cmi2QaffxGO/2RvWi9sL+FAiRiXMgsyxQ1DIDA==

next@latest:
  version "13.4.4"
  resolved "https://registry.yarnpkg.com/next/-/next-13.4.4.tgz#d1027c8d77f4c51be0b39f671b4820db03c93e60"
  integrity sha512-C5S0ysM0Ily9McL4Jb48nOQHT1BukOWI59uC3X/xCMlYIh9rJZCv7nzG92J6e1cOBqQbKovlpgvHWFmz4eKKEA==
  dependencies:
    "@next/env" "13.4.4"
    "@swc/helpers" "0.5.1"
    busboy "1.6.0"
    caniuse-lite "^1.0.30001406"
    postcss "8.4.14"
    styled-jsx "5.1.1"
    zod "3.21.4"
  optionalDependencies:
    "@next/swc-darwin-arm64" "13.4.4"
    "@next/swc-darwin-x64" "13.4.4"
    "@next/swc-linux-arm64-gnu" "13.4.4"
    "@next/swc-linux-arm64-musl" "13.4.4"
    "@next/swc-linux-x64-gnu" "13.4.4"
    "@next/swc-linux-x64-musl" "13.4.4"
    "@next/swc-win32-arm64-msvc" "13.4.4"
    "@next/swc-win32-ia32-msvc" "13.4.4"
    "@next/swc-win32-x64-msvc" "13.4.4"

object-hash@^2.2.0:
  version "2.2.0"
  resolved "https://registry.yarnpkg.com/object-hash/-/object-hash-2.2.0.tgz#5ad518581eefc443bd763472b8ff2e9c2c0d54a5"
  integrity sha512-gScRMn0bS5fH+IuwyIFgnh9zBdo4DV+6GhygmWM9HyNJSgS0hScp1f5vjtm7oIIOiT9trXrShAkLFSc2IqKNgw==

oidc-token-hash@^5.0.3:
  version "5.0.3"
  resolved "https://registry.yarnpkg.com/oidc-token-hash/-/oidc-token-hash-5.0.3.tgz#9a229f0a1ce9d4fc89bcaee5478c97a889e7b7b6"
  integrity sha512-IF4PcGgzAr6XXSff26Sk/+P4KZFJVuHAJZj3wgO3vX2bMdNVp/QXTP3P7CEm9V1IdG8lDLY3HhiqpsE/nOwpPw==

openid-client@^5.2.1:
  version "5.4.2"
  resolved "https://registry.yarnpkg.com/openid-client/-/openid-client-5.4.2.tgz#8692bcc2a40ef3426c5ba5c11f7493599e93ccc7"
  integrity sha512-lIhsdPvJ2RneBm3nGBBhQchpe3Uka//xf7WPHTIglery8gnckvW7Bd9IaQzekzXJvWthCMyi/xVEyGW0RFPytw==
  dependencies:
    jose "^4.14.1"
    lru-cache "^6.0.0"
    object-hash "^2.2.0"
    oidc-token-hash "^5.0.3"

picocolors@^1.0.0:
  version "1.0.0"
  resolved "https://registry.yarnpkg.com/picocolors/-/picocolors-1.0.0.tgz#cb5bdc74ff3f51892236eaf79d68bc44564ab81c"
  integrity sha512-1fygroTLlHu66zi26VoTDv8yRgm0Fccecssto+MhsZ0D/DGW2sm8E8AjW7NU5VVTRt5GxbeZ5qBuJr+HyLYkjQ==

postcss@8.4.14:
  version "8.4.14"
  resolved "https://registry.yarnpkg.com/postcss/-/postcss-8.4.14.tgz#ee9274d5622b4858c1007a74d76e42e56fd21caf"
  integrity sha512-E398TUmfAYFPBSdzgeieK2Y1+1cpdxJx8yXbK/m57nRhKSmk1GB2tO4lbLBtlkfPQTDKfe4Xqv1ASWPpayPEig==
  dependencies:
    nanoid "^3.3.4"
    picocolors "^1.0.0"
    source-map-js "^1.0.2"

pseudomap@^1.0.1:
  version "1.0.2"
  resolved "https://registry.yarnpkg.com/pseudomap/-/pseudomap-1.0.2.tgz#f052a28da70e618917ef0a8ac34c1ae5a68286b3"
  integrity sha512-b/YwNhb8lk1Zz2+bXXpS/LK9OisiZZ1SNsSLxN1x2OXVEhW2Ckr/7mWE5vrC1ZTiJlD9g19jWszTmJsB+oEpFQ==

react-dom@18.2.0:
  version "18.2.0"
  resolved "https://registry.yarnpkg.com/react-dom/-/react-dom-18.2.0.tgz#22aaf38708db2674ed9ada224ca4aa708d821e3d"
  integrity sha512-6IMTriUmvsjHUjNtEDudZfuDQUoWXVxKHhlEGSk81n4YFS+r/Kl99wXiwlVXtPBtJenozv2P+hxDsw9eA7Xo6g==
  dependencies:
    loose-envify "^1.1.0"
    scheduler "^0.23.0"

react@18.2.0:
  version "18.2.0"
  resolved "https://registry.yarnpkg.com/react/-/react-18.2.0.tgz#555bd98592883255fa00de14f1151a917b5d77d5"
  integrity sha512-/3IjMdb2L9QbBdWiW5e3P2/npwMBaU9mHCSCUzNln0ZCYbcfTsGbTJrU/kGemdH2IWmB2ioZ+zkxtmq6g09fGQ==
  dependencies:
    loose-envify "^1.1.0"

safe-buffer@^5.0.1:
  version "5.2.1"
  resolved "https://registry.yarnpkg.com/safe-buffer/-/safe-buffer-5.2.1.tgz#1eaf9fa9bdb1fdd4ec75f58f9cdb4e6b7827eec6"
  integrity sha512-rp3So07KcdmmKbGvgaNxQSJr7bGVSVk5S9Eq1F+ppbRo70+YeaDxkw5Dd8NPN+GD6bjnYm2VuPuCXmpuYvmCXQ==

scheduler@^0.23.0:
  version "0.23.0"
  resolved "https://registry.yarnpkg.com/scheduler/-/scheduler-0.23.0.tgz#ba8041afc3d30eb206a487b6b384002e4e61fdfe"
  integrity sha512-CtuThmgHNg7zIZWAXi3AsyIzA3n4xx7aNyjwC2VJldO2LMVDhFK+63xGqq6CsJH4rTAt6/M+N4GhZiDYPx9eUw==
  dependencies:
    loose-envify "^1.1.0"

semver@^7.3.8:
  version "7.5.1"
  resolved "https://registry.yarnpkg.com/semver/-/semver-7.5.1.tgz#c90c4d631cf74720e46b21c1d37ea07edfab91ec"
  integrity sha512-Wvss5ivl8TMRZXXESstBA4uR5iXgEN/VC5/sOcuXdVLzcdkz4HWetIoRfG5gb5X+ij/G9rw9YoGn3QoQ8OCSpw==
  dependencies:
    lru-cache "^6.0.0"

setprototypeof@1.2.0:
  version "1.2.0"
  resolved "https://registry.yarnpkg.com/setprototypeof/-/setprototypeof-1.2.0.tgz#66c9a24a73f9fc28cbe66b09fed3d33dcaf1b424"
  integrity sha512-E5LDX7Wrp85Kil5bhZv46j8jOeboKq5JMmYM3gVGdGH8xFpPWXUMsNrlODCrkoxMEeNi/XZIwuRvY4XNwYMJpw==

source-map-js@^1.0.2:
  version "1.0.2"
  resolved "https://registry.yarnpkg.com/source-map-js/-/source-map-js-1.0.2.tgz#adbc361d9c62df380125e7f161f71c826f1e490c"
  integrity sha512-R0XvVJ9WusLiqTCEiGCmICCMplcCkIwwR11mOSD9CR5u+IXYdiseeEuXCVAjS54zqwkLcPNnmU4OeJ6tUrWhDw==

"statuses@>= 1.5.0 < 2":
  version "1.5.0"
  resolved "https://registry.yarnpkg.com/statuses/-/statuses-1.5.0.tgz#161c7dac177659fd9811f43771fa99381478628c"
  integrity sha512-OpZ3zP+jT1PI7I8nemJX4AKmAX070ZkYPVWV/AaKTJl+tXCTGyVdC1a4SL8RUQYEwk/f34ZX8UTykN68FwrqAA==

streamsearch@^1.1.0:
  version "1.1.0"
  resolved "https://registry.yarnpkg.com/streamsearch/-/streamsearch-1.1.0.tgz#404dd1e2247ca94af554e841a8ef0eaa238da764"
  integrity sha512-Mcc5wHehp9aXz1ax6bZUyY5afg9u2rv5cqQI3mRrYkGC8rW2hM02jWuwjtL++LS5qinSyhj2QfLyNsuc+VsExg==

styled-jsx@5.1.1:
  version "5.1.1"
  resolved "https://registry.yarnpkg.com/styled-jsx/-/styled-jsx-5.1.1.tgz#839a1c3aaacc4e735fed0781b8619ea5d0009d1f"
  integrity sha512-pW7uC1l4mBZ8ugbiZrcIsiIvVx1UmTfw7UkC3Um2tmfUq9Bhk8IiyEIPl6F8agHgjzku6j0xQEZbfA5uSgSaCw==
  dependencies:
    client-only "0.0.1"

toidentifier@1.0.1:
  version "1.0.1"
  resolved "https://registry.yarnpkg.com/toidentifier/-/toidentifier-1.0.1.tgz#3be34321a88a820ed1bd80dfaa33e479fbb8dd35"
  integrity sha512-o5sSPKEkg/DIQNmH43V0/uerLrpzVedkUh8tGNvaeXpfpuwjKenlSox/2O/BTlZUtEe+JG7s5YhEz608PlAHRA==

tslib@^2.4.0:
  version "2.5.3"
  resolved "https://registry.yarnpkg.com/tslib/-/tslib-2.5.3.tgz#24944ba2d990940e6e982c4bea147aba80209913"
  integrity sha512-mSxlJJwl3BMEQCUNnxXBU9jP4JBktcEGhURcPR6VQVlnP0FdDEsIaz0C35dXNGLyRfrATNofF0F5p2KPxQgB+w==

url-join@^4.0.1:
  version "4.0.1"
  resolved "https://registry.yarnpkg.com/url-join/-/url-join-4.0.1.tgz#b642e21a2646808ffa178c4c5fda39844e12cde7"
  integrity sha512-jk1+QP6ZJqyOiuEI9AEWQfju/nB2Pw466kbA0LEZljHwKeMgd9WrAEgEGxjPDD2+TNbbb37rTyhEfrCXfuKXnA==

yallist@^2.0.0:
  version "2.1.2"
  resolved "https://registry.yarnpkg.com/yallist/-/yallist-2.1.2.tgz#1c11f9218f076089a47dd512f93c6699a6a81d52"
  integrity sha512-ncTzHV7NvsQZkYe1DW7cbDLm0YpzHmZF5r/iyP3ZnQtMiJ+pjzisCiMNI+Sj+xQF5pXhSHxSB3uDbsBTzY/c2A==

yallist@^4.0.0:
  version "4.0.0"
  resolved "https://registry.yarnpkg.com/yallist/-/yallist-4.0.0.tgz#9bb92790d9c0effec63be73519e11a35019a3a72"
  integrity sha512-3wdGidZyq5PB084XLES5TpOSRA3wjXAlIWMhum2kRcv/41Sn2emQ0dycQW4uZXLejwKvg6EsvbdlVL+FYEct7A==

zod@3.21.4:
  version "3.21.4"
  resolved "https://registry.yarnpkg.com/zod/-/zod-3.21.4.tgz#10882231d992519f0a10b5dd58a38c9dabbb64db"
  integrity sha512-m46AKbrzKVzOzs/DZgVnG5H55N1sv1M8qZU3A8RIKbs3mrACDNeIOeilDymVb2HdmP8uwshOCF4uJ8uM9rCqJw==
